
Microsoft Visual Studio Solution File, Format Version 12.00
# Visual Studio Version 17
VisualStudioVersion = 17.11.35222.181
MinimumVisualStudioVersion = 10.0.40219.1
Project("{9A19103F-16F7-4668-BE54-9A1E7A4F7556}") = "NariuDuomenuBaze.Core", "NariuDuomenuBaze.Core\NariuDuomenuBaze.Core.csproj", "{83493A77-891D-47B7-BF46-EDD2EA09F5A8}"
EndProject
Project("{9A19103F-16F7-4668-BE54-9A1E7A4F7556}") = "DuomenuBaze.API", "DuomenuBaze.API\DuomenuBaze.API.csproj", "{E8CF52B1-81D9-4D9D-94F0-DCB706920339}"
EndProject
Project("{FAE04EC0-301F-11D3-BF4B-00C04F79EFBC}") = "MemberTests", "MemberTests\MemberTests.csproj", "{09409997-B5C4-4985-995D-32AA57BDD9F5}"
EndProject
Global
	GlobalSection(SolutionConfigurationPlatforms) = preSolution
		Debug|Any CPU = Debug|Any CPU
		Release|Any CPU = Release|Any CPU
	EndGlobalSection
	GlobalSection(ProjectConfigurationPlatforms) = postSolution
		{83493A77-891D-47B7-BF46-EDD2EA09F5A8}.Debug|Any CPU.ActiveCfg = Debug|Any CPU
		{83493A77-891D-47B7-BF46-EDD2EA09F5A8}.Debug|Any CPU.Build.0 = Debug|Any CPU
		{83493A77-891D-47B7-BF46-EDD2EA09F5A8}.Release|Any CPU.ActiveCfg = Release|Any CPU
		{83493A77-891D-47B7-BF46-EDD2EA09F5A8}.Release|Any CPU.Build.0 = Release|Any CPU
		{E8CF52B1-81D9-4D9D-94F0-DCB706920339}.Debug|Any CPU.ActiveCfg = Debug|Any CPU
		{E8CF52B1-81D9-4D9D-94F0-DCB706920339}.Debug|Any CPU.Build.0 = Debug|Any CPU
		{E8CF52B1-81D9-4D9D-94F0-DCB706920339}.Release|Any CPU.ActiveCfg = Release|Any CPU
		{E8CF52B1-81D9-4D9D-94F0-DCB706920339}.Release|Any CPU.Build.0 = Release|Any CPU
		{09409997-B5C4-4985-995D-32AA57BDD9F5}.Debug|Any CPU.ActiveCfg = Debug|Any CPU
		{09409997-B5C4-4985-995D-32AA57BDD9F5}.Debug|Any CPU.Build.0 = Debug|Any CPU
		{09409997-B5C4-4985-995D-32AA57BDD9F5}.Release|Any CPU.ActiveCfg = Release|Any CPU
		{09409997-B5C4-4985-995D-32AA57BDD9F5}.Release|Any CPU.Build.0 = Release|Any CPU
	EndGlobalSection
	GlobalSection(SolutionProperties) = preSolution
		HideSolutionNode = FALSE
	EndGlobalSection
	GlobalSection(ExtensibilityGlobals) = postSolution
		SolutionGuid = {697DDEB9-2827-45FB-84DC-3FAA4234B7B7}
	EndGlobalSection
EndGlobal
